// !$*UTF8*$!
{
	archiveVersion = 1;
	classes = {
	};
	objectVersion = 50;
	objects = {

/* Begin PBXBuildFile section */
		CE111442272AEFA100C82B4B /* AppDelegate.swift in Sources */ = {isa = PBXBuildFile; fileRef = CE111441272AEFA100C82B4B /* AppDelegate.swift */; };
		CE111444272AEFA100C82B4B /* SceneDelegate.swift in Sources */ = {isa = PBXBuildFile; fileRef = CE111443272AEFA100C82B4B /* SceneDelegate.swift */; };
		CE111446272AEFA100C82B4B /* ViewController.swift in Sources */ = {isa = PBXBuildFile; fileRef = CE111445272AEFA100C82B4B /* ViewController.swift */; };
		CE111449272AEFA100C82B4B /* Main.storyboard in Resources */ = {isa = PBXBuildFile; fileRef = CE111447272AEFA100C82B4B /* Main.storyboard */; };
		CE11144C272AEFA100C82B4B /* RecipiesQuarterProject.xcdatamodeld in Sources */ = {isa = PBXBuildFile; fileRef = CE11144A272AEFA100C82B4B /* RecipiesQuarterProject.xcdatamodeld */; };
		CE11144E272AEFA300C82B4B /* Assets.xcassets in Resources */ = {isa = PBXBuildFile; fileRef = CE11144D272AEFA300C82B4B /* Assets.xcassets */; };
		CE111451272AEFA300C82B4B /* LaunchScreen.storyboard in Resources */ = {isa = PBXBuildFile; fileRef = CE11144F272AEFA300C82B4B /* LaunchScreen.storyboard */; };
/* End PBXBuildFile section */

/* Begin PBXFileReference section */
		CE11143E272AEFA100C82B4B /* RecipiesQuarterProject.app */ = {isa = PBXFileReference; explicitFileType = wrapper.application; includeInIndex = 0; path = RecipiesQuarterProject.app; sourceTree = BUILT_PRODUCTS_DIR; };
		CE111441272AEFA100C82B4B /* AppDelegate.swift */ = {isa = PBXFileReference; lastKnownFileType = sourcecode.swift; path = AppDelegate.swift; sourceTree = "<group>"; };
		CE111443272AEFA100C82B4B /* SceneDelegate.swift */ = {isa = PBXFileReference; lastKnownFileType = sourcecode.swift; path = SceneDelegate.swift; sourceTree = "<group>"; };
		CE111445272AEFA100C82B4B /* ViewController.swift */ = {isa = PBXFileReference; lastKnownFileType = sourcecode.swift; path = ViewController.swift; sourceTree = "<group>"; };
		CE111448272AEFA100C82B4B /* Base */ = {isa = PBXFileReference; lastKnownFileType = file.storyboard; name = Base; path = Base.lproj/Main.storyboard; sourceTree = "<group>"; };
		CE11144B272AEFA100C82B4B /* RecipiesQuarterProject.xcdatamodel */ = {isa = PBXFileReference; lastKnownFileType = wrapper.xcdatamodel; path = RecipiesQuarterProject.xcdatamodel; sourceTree = "<group>"; };
		CE11144D272AEFA300C82B4B /* Assets.xcassets */ = {isa = PBXFileReference; lastKnownFileType = folder.assetcatalog; path = Assets.xcassets; sourceTree = "<group>"; };
		CE111450272AEFA300C82B4B /* Base */ = {isa = PBXFileReference; lastKnownFileType = file.storyboard; name = Base; path = Base.lproj/LaunchScreen.storyboard; sourceTree = "<group>"; };
		CE111452272AEFA300C82B4B /* Info.plist */ = {isa = PBXFileReference; lastKnownFileType = text.plist.xml; path = Info.plist; sourceTree = "<group>"; };
/* End PBXFileReference section */

/* Begin PBXFrameworksBuildPhase section */
		CE11143B272AEFA100C82B4B /* Frameworks */ = {
			isa = PBXFrameworksBuildPhase;
			buildActionMask = 2147483647;
			files = (
			);
			runOnlyForDeploymentPostprocessing = 0;
		};
/* End PBXFrameworksBuildPhase section */

/* Begin PBXGroup section */
		CE111435272AEFA100C82B4B = {
			isa = PBXGroup;
			children = (
				CE111440272AEFA100C82B4B /* RecipiesQuarterProject */,
				CE11143F272AEFA100C82B4B /* Products */,
			);
			sourceTree = "<group>";
		};
		CE11143F272AEFA100C82B4B /* Products */ = {
			isa = PBXGroup;
			children = (
				CE11143E272AEFA100C82B4B /* RecipiesQuarterProject.app */,
			);
			name = Products;
			sourceTree = "<group>";
		};
		CE111440272AEFA100C82B4B /* RecipiesQuarterProject */ = {
			isa = PBXGroup;
			children = (
				CE111441272AEFA100C82B4B /* AppDelegate.swift */,
				CE111443272AEFA100C82B4B /* SceneDelegate.swift */,
				CE111445272AEFA100C82B4B /* ViewController.swift */,
				CE111447272AEFA100C82B4B /* Main.storyboard */,
				CE11144D272AEFA300C82B4B /* Assets.xcassets */,
				CE11144F272AEFA300C82B4B /* LaunchScreen.storyboard */,
				CE111452272AEFA300C82B4B /* Info.plist */,
				CE11144A272AEFA100C82B4B /* RecipiesQuarterProject.xcdatamodeld */,
			);
			path = RecipiesQuarterProject;
			sourceTree = "<group>";
		};
/* End PBXGroup section */

/* Begin PBXNativeTarget section */
		CE11143D272AEFA100C82B4B /* RecipiesQuarterProject */ = {
			isa = PBXNativeTarget;
			buildConfigurationList = CE111455272AEFA300C82B4B /* Build configuration list for PBXNativeTarget "RecipiesQuarterProject" */;
			buildPhases = (
				CE11143A272AEFA100C82B4B /* Sources */,
				CE11143B272AEFA100C82B4B /* Frameworks */,
				CE11143C272AEFA100C82B4B /* Resources */,
			);
			buildRules = (
			);
			dependencies = (
			);
			name = RecipiesQuarterProject;
			productName = RecipiesQuarterProject;
			productReference = CE11143E272AEFA100C82B4B /* RecipiesQuarterProject.app */;
			productType = "com.apple.product-type.application";
		};
/* End PBXNativeTarget section */

/* Begin PBXProject section */
		CE111436272AEFA100C82B4B /* Project object */ = {
			isa = PBXProject;
			attributes = {
				LastSwiftUpdateCheck = 1250;
				LastUpgradeCheck = 1250;
				TargetAttributes = {
					CE11143D272AEFA100C82B4B = {
						CreatedOnToolsVersion = 12.5;
					};
				};
			};
			buildConfigurationList = CE111439272AEFA100C82B4B /* Build configuration list for PBXProject "RecipiesQuarterProject" */;
			compatibilityVersion = "Xcode 9.3";
			developmentRegion = en;
			hasScannedForEncodings = 0;
			knownRegions = (
				en,
				Base,
			);
			mainGroup = CE111435272AEFA100C82B4B;
			productRefGroup = CE11143F272AEFA100C82B4B /* Products */;
			projectDirPath = "";
			projectRoot = "";
			targets = (
				CE11143D272AEFA100C82B4B /* RecipiesQuarterProject */,
			);
		};
/* End PBXProject section */

/* Begin PBXResourcesBuildPhase section */
		CE11143C272AEFA100C82B4B /* Resources */ = {
			isa = PBXResourcesBuildPhase;
			buildActionMask = 2147483647;
			files = (
				CE111451272AEFA300C82B4B /* LaunchScreen.storyboard in Resources */,
				CE11144E272AEFA300C82B4B /* Assets.xcassets in Resources */,
				CE111449272AEFA100C82B4B /* Main.storyboard in Resources */,
			);
			runOnlyForDeploymentPostprocessing = 0;
		};
/* End PBXResourcesBuildPhase section */

/* Begin PBXSourcesBuildPhase section */
		CE11143A272AEFA100C82B4B /* Sources */ = {
			isa = PBXSourcesBuildPhase;
			buildActionMask = 2147483647;
			files = (
				CE111446272AEFA100C82B4B /* ViewController.swift in Sources */,
				CE111442272AEFA100C82B4B /* AppDelegate.swift in Sources */,
				CE11144C272AEFA100C82B4B /* RecipiesQuarterProject.xcdatamodeld in Sources */,
				CE111444272AEFA100C82B4B /* SceneDelegate.swift in Sources */,
			);
			runOnlyForDeploymentPostprocessing = 0;
		};
/* End PBXSourcesBuildPhase section */

/* Begin PBXVariantGroup section */
		CE111447272AEFA100C82B4B /* Main.storyboard */ = {
			isa = PBXVariantGroup;
			children = (
				CE111448272AEFA100C82B4B /* Base */,
			);
			name = Main.storyboard;
			sourceTree = "<group>";
		};
		CE11144F272AEFA300C82B4B /* LaunchScreen.storyboard */ = {
			isa = PBXVariantGroup;
			children = (
				CE111450272AEFA300C82B4B /* Base */,
			);
			name = LaunchScreen.storyboard;
			sourceTree = "<group>";
		};
/* End PBXVariantGroup section */

/* Begin XCBuildConfiguration section */
		CE111453272AEFA300C82B4B /* Debug */ = {
			isa = XCBuildConfiguration;
			buildSettings = {
				ALWAYS_SEARCH_USER_PATHS = NO;
				CLANG_ANALYZER_NONNULL = YES;
				CLANG_ANALYZER_NUMBER_OBJECT_CONVERSION = YES_AGGRESSIVE;
				CLANG_CXX_LANGUAGE_STANDARD = "gnu++14";
				CLANG_CXX_LIBRARY = "libc++";
				CLANG_ENABLE_MODULES = YES;
				CLANG_ENABLE_OBJC_ARC = YES;
				CLANG_ENABLE_OBJC_WEAK = YES;
				CLANG_WARN_BLOCK_CAPTURE_AUTORELEASING = YES;
				CLANG_WARN_BOOL_CONVERSION = YES;
				CLANG_WARN_COMMA = YES;
				CLANG_WARN_CONSTANT_CONVERSION = YES;
				CLANG_WARN_DEPRECATED_OBJC_IMPLEMENTATIONS = YES;
				CLANG_WARN_DIRECT_OBJC_ISA_USAGE = YES_ERROR;
				CLANG_WARN_DOCUMENTATION_COMMENTS = YES;
				CLANG_WARN_EMPTY_BODY = YES;
				CLANG_WARN_ENUM_CONVERSION = YES;
				CLANG_WARN_INFINITE_RECURSION = YES;
				CLANG_WARN_INT_CONVERSION = YES;
				CLANG_WARN_NON_LITERAL_NULL_CONVERSION = YES;
				CLANG_WARN_OBJC_IMPLICIT_RETAIN_SELF = YES;
				CLANG_WARN_OBJC_LITERAL_CONVERSION = YES;
				CLANG_WARN_OBJC_ROOT_CLASS = YES_ERROR;
				CLANG_WARN_QUOTED_INCLUDE_IN_FRAMEWORK_HEADER = YES;
				CLANG_WARN_RANGE_LOOP_ANALYSIS = YES;
				CLANG_WARN_STRICT_PROTOTYPES = YES;
				CLANG_WARN_SUSPICIOUS_MOVE = YES;
				CLANG_WARN_UNGUARDED_AVAILABILITY = YES_AGGRESSIVE;
				CLANG_WARN_UNREACHABLE_CODE = YES;
				CLANG_WARN__DUPLICATE_METHOD_MATCH = YES;
				COPY_PHASE_STRIP = NO;
				DEBUG_INFORMATION_FORMAT = dwarf;
				ENABLE_STRICT_OBJC_MSGSEND = YES;
				ENABLE_TESTABILITY = YES;
				GCC_C_LANGUAGE_STANDARD = gnu11;
				GCC_DYNAMIC_NO_PIC = NO;
				GCC_NO_COMMON_BLOCKS = YES;
				GCC_OPTIMIZATION_LEVEL = 0;
				GCC_PREPROCESSOR_DEFINITIONS = (
					"DEBUG=1",
					"$(inherited)",
				);
				GCC_WARN_64_TO_32_BIT_CONVERSION = YES;
				GCC_WARN_ABOUT_RETURN_TYPE = YES_ERROR;
				GCC_WARN_UNDECLARED_SELECTOR = YES;
				GCC_WARN_UNINITIALIZED_AUTOS = YES_AGGRESSIVE;
				GCC_WARN_UNUSED_FUNCTION = YES;
				GCC_WARN_UNUSED_VARIABLE = YES;
				IPHONEOS_DEPLOYMENT_TARGET = 14.5;
				MTL_ENABLE_DEBUG_INFO = INCLUDE_SOURCE;
				MTL_FAST_MATH = YES;
				ONLY_ACTIVE_ARCH = YES;
				SDKROOT = iphoneos;
				SWIFT_ACTIVE_COMPILATION_CONDITIONS = DEBUG;
				SWIFT_OPTIMIZATION_LEVEL = "-Onone";
			};
			name = Debug;
		};
		CE111454272AEFA300C82B4B /* Release */ = {
			isa = XCBuildConfiguration;
			buildSettings = {
				ALWAYS_SEARCH_USER_PATHS = NO;
				CLANG_ANALYZER_NONNULL = YES;
				CLANG_ANALYZER_NUMBER_OBJECT_CONVERSION = YES_AGGRESSIVE;
				CLANG_CXX_LANGUAGE_STANDARD = "gnu++14";
				CLANG_CXX_LIBRARY = "libc++";
				CLANG_ENABLE_MODULES = YES;
				CLANG_ENABLE_OBJC_ARC = YES;
				CLANG_ENABLE_OBJC_WEAK = YES;
				CLANG_WARN_BLOCK_CAPTURE_AUTORELEASING = YES;
				CLANG_WARN_BOOL_CONVERSION = YES;
				CLANG_WARN_COMMA = YES;
				CLANG_WARN_CONSTANT_CONVERSION = YES;
				CLANG_WARN_DEPRECATED_OBJC_IMPLEMENTATIONS = YES;
				CLANG_WARN_DIRECT_OBJC_ISA_USAGE = YES_ERROR;
				CLANG_WARN_DOCUMENTATION_COMMENTS = YES;
				CLANG_WARN_EMPTY_BODY = YES;
				CLANG_WARN_ENUM_CONVERSION = YES;
				CLANG_WARN_INFINITE_RECURSION = YES;
				CLANG_WARN_INT_CONVERSION = YES;
				CLANG_WARN_NON_LITERAL_NULL_CONVERSION = YES;
				CLANG_WARN_OBJC_IMPLICIT_RETAIN_SELF = YES;
				CLANG_WARN_OBJC_LITERAL_CONVERSION = YES;
				CLANG_WARN_OBJC_ROOT_CLASS = YES_ERROR;
				CLANG_WARN_QUOTED_INCLUDE_IN_FRAMEWORK_HEADER = YES;
				CLANG_WARN_RANGE_LOOP_ANALYSIS = YES;
				CLANG_WARN_STRICT_PROTOTYPES = YES;
				CLANG_WARN_SUSPICIOUS_MOVE = YES;
				CLANG_WARN_UNGUARDED_AVAILABILITY = YES_AGGRESSIVE;
				CLANG_WARN_UNREACHABLE_CODE = YES;
				CLANG_WARN__DUPLICATE_METHOD_MATCH = YES;
				COPY_PHASE_STRIP = NO;
				DEBUG_INFORMATION_FORMAT = "dwarf-with-dsym";
				ENABLE_NS_ASSERTIONS = NO;
				ENABLE_STRICT_OBJC_MSGSEND = YES;
				GCC_C_LANGUAGE_STANDARD = gnu11;
				GCC_NO_COMMON_BLOCKS = YES;
				GCC_WARN_64_TO_32_BIT_CONVERSION = YES;
				GCC_WARN_ABOUT_RETURN_TYPE = YES_ERROR;
				GCC_WARN_UNDECLARED_SELECTOR = YES;
				GCC_WARN_UNINITIALIZED_AUTOS = YES_AGGRESSIVE;
				GCC_WARN_UNUSED_FUNCTION = YES;
				GCC_WARN_UNUSED_VARIABLE = YES;
				IPHONEOS_DEPLOYMENT_TARGET = 14.5;
				MTL_ENABLE_DEBUG_INFO = NO;
				MTL_FAST_MATH = YES;
				SDKROOT = iphoneos;
				SWIFT_COMPILATION_MODE = wholemodule;
				SWIFT_OPTIMIZATION_LEVEL = "-O";
				VALIDATE_PRODUCT = YES;
			};
			name = Release;
		};
		CE111456272AEFA300C82B4B /* Debug */ = {
			isa = XCBuildConfiguration;
			buildSettings = {
				ASSETCATALOG_COMPILER_APPICON_NAME = AppIcon;
				ASSETCATALOG_COMPILER_GLOBAL_ACCENT_COLOR_NAME = AccentColor;
				CODE_SIGN_STYLE = Automatic;
				DEVELOPMENT_TEAM = LMTK7P8R74;
				INFOPLIST_FILE = RecipiesQuarterProject/Info.plist;
				LD_RUNPATH_SEARCH_PATHS = (
					"$(inherited)",
					"@executable_path/Frameworks",
				);
				PRODUCT_BUNDLE_IDENTIFIER = com.kirillfokov.RecipiesQuarterProject;
				PRODUCT_NAME = "$(TARGET_NAME)";
				SWIFT_VERSION = 5.0;
				TARGETED_DEVICE_FAMILY = "1,2";
			};
			name = Debug;
		};
		CE111457272AEFA300C82B4B /* Release */ = {
			isa = XCBuildConfiguration;
			buildSettings = {
				ASSETCATALOG_COMPILER_APPICON_NAME = AppIcon;
				ASSETCATALOG_COMPILER_GLOBAL_ACCENT_COLOR_NAME = AccentColor;
				CODE_SIGN_STYLE = Automatic;
				DEVELOPMENT_TEAM = LMTK7P8R74;
				INFOPLIST_FILE = RecipiesQuarterProject/Info.plist;
				LD_RUNPATH_SEARCH_PATHS = (
					"$(inherited)",
					"@executable_path/Frameworks",
				);
				PRODUCT_BUNDLE_IDENTIFIER = com.kirillfokov.RecipiesQuarterProject;
				PRODUCT_NAME = "$(TARGET_NAME)";
				SWIFT_VERSION = 5.0;
				TARGETED_DEVICE_FAMILY = "1,2";
			};
			name = Release;
		};
/* End XCBuildConfiguration section */

/* Begin XCConfigurationList section */
		CE111439272AEFA100C82B4B /* Build configuration list for PBXProject "RecipiesQuarterProject" */ = {
			isa = XCConfigurationList;
			buildConfigurations = (
				CE111453272AEFA300C82B4B /* Debug */,
				CE111454272AEFA300C82B4B /* Release */,
			);
			defaultConfigurationIsVisible = 0;
			defaultConfigurationName = Release;
		};
		CE111455272AEFA300C82B4B /* Build configuration list for PBXNativeTarget "RecipiesQuarterProject" */ = {
			isa = XCConfigurationList;
			buildConfigurations = (
				CE111456272AEFA300C82B4B /* Debug */,
				CE111457272AEFA300C82B4B /* Release */,
			);
			defaultConfigurationIsVisible = 0;
			defaultConfigurationName = Release;
		};
/* End XCConfigurationList section */

/* Begin XCVersionGroup section */
		CE11144A272AEFA100C82B4B /* RecipiesQuarterProject.xcdatamodeld */ = {
			isa = XCVersionGroup;
			children = (
				CE11144B272AEFA100C82B4B /* RecipiesQuarterProject.xcdatamodel */,
			);
			currentVersion = CE11144B272AEFA100C82B4B /* RecipiesQuarterProject.xcdatamodel */;
			path = RecipiesQuarterProject.xcdatamodeld;
			sourceTree = "<group>";
			versionGroupType = wrapper.xcdatamodel;
		};
/* End XCVersionGroup section */
	};
	rootObject = CE111436272AEFA100C82B4B /* Project object */;
}
